
Microsoft Visual Studio Solution File, Format Version 12.00
# Visual Studio Version 17
VisualStudioVersion = 17.2.32616.157
MinimumVisualStudioVersion = 10.0.40219.1
Project("{9A19103F-16F7-4668-BE54-9A1E7A4F7556}") = "Forum.UI", "Forum.UI\Forum.UI.csproj", "{3646AB56-3733-4F63-A008-A9EE7E14EE9C}"
EndProject
Project("{FAE04EC0-301F-11D3-BF4B-00C04F79EFBC}") = "Forum", "Forum\Forum.csproj", "{BB7F7C0A-7986-4589-BDC7-3FC78412C2A1}"
EndProject
Global
	GlobalSection(SolutionConfigurationPlatforms) = preSolution
		Debug|Any CPU = Debug|Any CPU
		Release|Any CPU = Release|Any CPU
	EndGlobalSection
	GlobalSection(ProjectConfigurationPlatforms) = postSolution
		{3646AB56-3733-4F63-A008-A9EE7E14EE9C}.Debug|Any CPU.ActiveCfg = Debug|Any CPU
		{3646AB56-3733-4F63-A008-A9EE7E14EE9C}.Debug|Any CPU.Build.0 = Debug|Any CPU
		{3646AB56-3733-4F63-A008-A9EE7E14EE9C}.Release|Any CPU.ActiveCfg = Release|Any CPU
		{3646AB56-3733-4F63-A008-A9EE7E14EE9C}.Release|Any CPU.Build.0 = Release|Any CPU
		{BB7F7C0A-7986-4589-BDC7-3FC78412C2A1}.Debug|Any CPU.ActiveCfg = Debug|Any CPU
		{BB7F7C0A-7986-4589-BDC7-3FC78412C2A1}.Debug|Any CPU.Build.0 = Debug|Any CPU
		{BB7F7C0A-7986-4589-BDC7-3FC78412C2A1}.Release|Any CPU.ActiveCfg = Release|Any CPU
		{BB7F7C0A-7986-4589-BDC7-3FC78412C2A1}.Release|Any CPU.Build.0 = Release|Any CPU
	EndGlobalSection
	GlobalSection(SolutionProperties) = preSolution
		HideSolutionNode = FALSE
	EndGlobalSection
	GlobalSection(ExtensibilityGlobals) = postSolution
		SolutionGuid = {548A0D63-C538-4029-9175-A278CE53B026}
	EndGlobalSection
EndGlobal
